
Microsoft Visual Studio Solution File, Format Version 12.00
# Visual Studio Version 16
VisualStudioVersion = 16.0.30907.101
MinimumVisualStudioVersion = 10.0.40219.1
Project("{9A19103F-16F7-4668-BE54-9A1E7A4F7556}") = "OnlineBooks", "OnlineBooks.csproj", "{5486E0D0-F69C-4E6A-B111-3733B42FD8A0}"
EndProject
Global
	GlobalSection(SolutionConfigurationPlatforms) = preSolution
		Debug|Any CPU = Debug|Any CPU
		Release|Any CPU = Release|Any CPU
	EndGlobalSection
	GlobalSection(ProjectConfigurationPlatforms) = postSolution
		{5486E0D0-F69C-4E6A-B111-3733B42FD8A0}.Debug|Any CPU.ActiveCfg = Debug|Any CPU
		{5486E0D0-F69C-4E6A-B111-3733B42FD8A0}.Debug|Any CPU.Build.0 = Debug|Any CPU
		{5486E0D0-F69C-4E6A-B111-3733B42FD8A0}.Release|Any CPU.ActiveCfg = Release|Any CPU
		{5486E0D0-F69C-4E6A-B111-3733B42FD8A0}.Release|Any CPU.Build.0 = Release|Any CPU
	EndGlobalSection
	GlobalSection(SolutionProperties) = preSolution
		HideSolutionNode = FALSE
	EndGlobalSection
	GlobalSection(ExtensibilityGlobals) = postSolution
		SolutionGuid = {8A193B82-BB4D-41F8-82F2-9812774E2D00}
	EndGlobalSection
EndGlobal
